
Microsoft Visual Studio Solution File, Format Version 12.00
# Visual Studio Version 16
VisualStudioVersion = 16.0.30204.135
MinimumVisualStudioVersion = 10.0.40219.1
Project("{FAE04EC0-301F-11D3-BF4B-00C04F79EFBC}") = "BinarySearch", "BinarySearch\BinarySearch.csproj", "{8E020D21-AD0A-4F98-8D68-0C472906146D}"
EndProject
Global
	GlobalSection(SolutionConfigurationPlatforms) = preSolution
		Debug|Any CPU = Debug|Any CPU
		Release|Any CPU = Release|Any CPU
	EndGlobalSection
	GlobalSection(ProjectConfigurationPlatforms) = postSolution
		{8E020D21-AD0A-4F98-8D68-0C472906146D}.Debug|Any CPU.ActiveCfg = Debug|Any CPU
		{8E020D21-AD0A-4F98-8D68-0C472906146D}.Debug|Any CPU.Build.0 = Debug|Any CPU
		{8E020D21-AD0A-4F98-8D68-0C472906146D}.Release|Any CPU.ActiveCfg = Release|Any CPU
		{8E020D21-AD0A-4F98-8D68-0C472906146D}.Release|Any CPU.Build.0 = Release|Any CPU
	EndGlobalSection
	GlobalSection(SolutionProperties) = preSolution
		HideSolutionNode = FALSE
	EndGlobalSection
	GlobalSection(ExtensibilityGlobals) = postSolution
		SolutionGuid = {B256580A-355F-4330-8CF9-58BFA36FCCEE}
	EndGlobalSection
EndGlobal
